
Microsoft Visual Studio Solution File, Format Version 12.00
# Visual Studio Version 17
VisualStudioVersion = 17.9.34728.123
MinimumVisualStudioVersion = 10.0.40219.1
Project("{2150E333-8FDC-42A3-9474-1A3956D46DE8}") = "Chapter01", "Chapter01", "{54EBC7BA-E717-4BC8-A910-A3D14EE52BFA}"
EndProject
Project("{FAE04EC0-301F-11D3-BF4B-00C04F79EFBC}") = "ProductSample", "Chapter01\ProductSample\ProductSample.csproj", "{A642E171-FE02-405A-ADC6-1CA85FB8C381}"
EndProject
Project("{FAE04EC0-301F-11D3-BF4B-00C04F79EFBC}") = "Sample_p38", "Chapter01\Sample_p38\Sample_p38.csproj", "{3A81C6CE-D79D-4A0F-AF57-BFA0B30739EC}"
EndProject
Project("{2150E333-8FDC-42A3-9474-1A3956D46DE8}") = "Chapter02", "Chapter02", "{FED0C2BE-9ED4-4176-AA68-CC17FB242AA0}"
EndProject
Project("{2150E333-8FDC-42A3-9474-1A3956D46DE8}") = "距離換算プログラム", "距離換算プログラム", "{26873B40-1AFC-4631-B789-C020CB41BD89}"
EndProject
Project("{FAE04EC0-301F-11D3-BF4B-00C04F79EFBC}") = "DistanceConverter", "Chapter02\DistanceConverter\DistanceConverter.csproj", "{F85B7657-3589-44E2-A685-24BB1E3C10AB}"
EndProject
Project("{2150E333-8FDC-42A3-9474-1A3956D46DE8}") = "売上集計プログラム", "売上集計プログラム", "{903EB898-F2D9-48AB-8238-79C08F94AB78}"
EndProject
Project("{FAE04EC0-301F-11D3-BF4B-00C04F79EFBC}") = "SelesCounter", "Chapter02\SelesCounter\SelesCounter.csproj", "{4CC351A1-5AE3-475F-A07D-16B890F65E54}"
EndProject
Project("{2150E333-8FDC-42A3-9474-1A3956D46DE8}") = "#演習問題", "#演習問題", "{8E5AC154-EF47-4B8B-8ADF-17A2BCCE2B94}"
EndProject
Project("{FAE04EC0-301F-11D3-BF4B-00C04F79EFBC}") = "Exercise1", "Chapter02\演習問題\Exercise1\Exercise1.csproj", "{A569B28F-F454-4FE6-BCF9-27E7B889AFAD}"
EndProject
Project("{FAE04EC0-301F-11D3-BF4B-00C04F79EFBC}") = "Exercise2", "Chapter02\演習問題\Exercise2\Exercise2.csproj", "{B142CACA-002E-478B-933B-E9E9A8AAEAB1}"
EndProject
Project("{FAE04EC0-301F-11D3-BF4B-00C04F79EFBC}") = "Exercise3", "Chapter02\演習問題\Exercise3\Exercise3.csproj", "{065B7AAA-D9D9-4C62-9392-CE02A2DE6584}"
EndProject
Project("{2150E333-8FDC-42A3-9474-1A3956D46DE8}") = "FormApps", "FormApps", "{3BFAF09C-17B3-4ACF-B3BF-6E4FE5964C8D}"
EndProject
Project("{9A19103F-16F7-4668-BE54-9A1E7A4F7556}") = "BallApp", "FormApps\BallApp\BallApp.csproj", "{D29F6544-26C0-49B4-9177-B1AA7EDB4A89}"
EndProject
Project("{2150E333-8FDC-42A3-9474-1A3956D46DE8}") = "Chapter03", "Chapter03", "{E33FFBF9-8DA5-4BC7-A0FA-442A83C2A472}"
EndProject
Project("{FAE04EC0-301F-11D3-BF4B-00C04F79EFBC}") = "Section01", "Chapter03\Section01\Section01.csproj", "{BAAE4517-2BEA-4DC9-B4A1-C17F01E7EDD4}"
EndProject
Project("{2150E333-8FDC-42A3-9474-1A3956D46DE8}") = "演習問題", "演習問題", "{6B7480F7-C335-4076-943F-C59EE6960C57}"
EndProject
Project("{FAE04EC0-301F-11D3-BF4B-00C04F79EFBC}") = "Exercise01", "Chapter03\演習問題\Exercise01\Exercise01.csproj", "{BE8C5C7B-6343-4C44-906E-5907775390CC}"
EndProject
Project("{FAE04EC0-301F-11D3-BF4B-00C04F79EFBC}") = "Exercise02", "Chapter03\演習問題\Exercise02\Exercise02.csproj", "{966108CA-7726-4239-8797-D5A2C8CEB524}"
EndProject
Project("{2150E333-8FDC-42A3-9474-1A3956D46DE8}") = "Chapter04", "Chapter04", "{3029A953-2FF4-4935-A16D-C1D56946233D}"
EndProject
Project("{FAE04EC0-301F-11D3-BF4B-00C04F79EFBC}") = "Section01", "Chapter04\Section01\Section01.csproj", "{F3BAE09D-EA0E-4ABE-BD0C-7231004B723D}"
EndProject
Project("{2150E333-8FDC-42A3-9474-1A3956D46DE8}") = "演習問題", "演習問題", "{1D31FA30-8436-47BB-88CF-A8789A64E708}"
EndProject
Project("{FAE04EC0-301F-11D3-BF4B-00C04F79EFBC}") = "Exercise01", "Chapter04\演習問題\Exercise01\Exercise01.csproj", "{5FEC4593-7E73-4946-8009-22C7083C6429}"
EndProject
Project("{FAE04EC0-301F-11D3-BF4B-00C04F79EFBC}") = "Exercise02", "Chapter04\演習問題\Exercise02\Exercise02.csproj", "{CC956019-9EEB-451D-848A-FB7D3734E49E}"
EndProject
Project("{2150E333-8FDC-42A3-9474-1A3956D46DE8}") = "Chapter05", "Chapter05", "{6523CC86-04AD-4134-A07A-09FA6E8291AD}"
EndProject
Project("{2150E333-8FDC-42A3-9474-1A3956D46DE8}") = "演習問題", "演習問題", "{DB891803-49BB-44E4-A370-7D96716FB702}"
EndProject
Project("{FAE04EC0-301F-11D3-BF4B-00C04F79EFBC}") = "Exercise01", "Chapter05\演習問題\Exercise01\Exercise01.csproj", "{6BAAE45A-D8C0-4C72-BED2-1CA1FFD805C7}"
EndProject
Project("{FAE04EC0-301F-11D3-BF4B-00C04F79EFBC}") = "Exercise02", "Chapter05\演習問題\Exercise02\Exercise02.csproj", "{25841525-565D-4604-B063-D9E7166A1907}"
EndProject
Project("{FAE04EC0-301F-11D3-BF4B-00C04F79EFBC}") = "Exercise03", "Chapter05\演習問題\Exercise03\Exercise03.csproj", "{35F638A8-257E-43DC-A0F3-55D67D51DF36}"
EndProject
Project("{FAE04EC0-301F-11D3-BF4B-00C04F79EFBC}") = "Exercise04", "Chapter05\演習問題\Exercise04\Exercise04.csproj", "{0660E14F-FAA7-4770-8BC1-70B0DFA085FF}"
EndProject
Project("{2150E333-8FDC-42A3-9474-1A3956D46DE8}") = "Chapter06", "Chapter06", "{66DC8A7A-1E8F-4632-AE2E-A6B02BAC7836}"
EndProject
Project("{FAE04EC0-301F-11D3-BF4B-00C04F79EFBC}") = "Section01", "Chapter06\Section01\Section01.csproj", "{9154507F-4C57-455D-BEA4-17CE55A96025}"
EndProject
Project("{2150E333-8FDC-42A3-9474-1A3956D46DE8}") = "演習問題", "演習問題", "{067DAFA3-68EB-4EAC-BE0C-3B94569378A6}"
EndProject
Project("{FAE04EC0-301F-11D3-BF4B-00C04F79EFBC}") = "Exercise01", "Chapter06\演習問題\Exercise01\Exercise01.csproj", "{FCA52136-DF81-4DF1-8C65-E7263DB73766}"
EndProject
Project("{FAE04EC0-301F-11D3-BF4B-00C04F79EFBC}") = "Exercise02", "Chapter06\演習問題\Exercise02\Exercise02.csproj", "{3BA5F326-C80E-4482-AC30-D76EBFC8F34B}"
EndProject
Project("{2150E333-8FDC-42A3-9474-1A3956D46DE8}") = "Chapter07", "Chapter07", "{0AC5FC19-0044-44EB-91BE-4CAFAC4F9EBF}"
EndProject
Project("{FAE04EC0-301F-11D3-BF4B-00C04F79EFBC}") = "Section01", "Chapter07\Section01\Section01.csproj", "{77FB650D-4885-4D37-BE72-304EB292DE61}"
EndProject
Project("{FAE04EC0-301F-11D3-BF4B-00C04F79EFBC}") = "Section02", "Chapter07\Section02\Section02.csproj", "{19FE2295-7D15-4BDA-8782-D80514EF9871}"
EndProject
Project("{2150E333-8FDC-42A3-9474-1A3956D46DE8}") = "Test2406", "Test2406", "{1ABBFE5E-C408-4BC2-848B-A4A582A30B2D}"
EndProject
Project("{FAE04EC0-301F-11D3-BF4B-00C04F79EFBC}") = "Test01", "TestProject\Test01\Test01.csproj", "{2BFACDC3-F44D-4199-8498-F5C3C4AC0335}"
EndProject
Project("{FAE04EC0-301F-11D3-BF4B-00C04F79EFBC}") = "Test02", "TestProject\Test02\Test02.csproj", "{E461C0A8-8900-485C-B520-E929BA33F712}"
EndProject
Project("{FAE04EC0-301F-11D3-BF4B-00C04F79EFBC}") = "Section03", "Chapter07\Section03\Section03.csproj", "{6B432D77-49A1-479A-8AF5-3BA5198A620B}"
EndProject
Project("{FAE04EC0-301F-11D3-BF4B-00C04F79EFBC}") = "Section04", "Chapter07\Section04\Section04.csproj", "{9B9B863C-64D7-4202-B278-BE5786ECFBEA}"
EndProject
Project("{2150E333-8FDC-42A3-9474-1A3956D46DE8}") = "Chapter08", "Chapter08", "{A139162E-10B2-4467-B4ED-76917C13EE98}"
EndProject
Project("{FAE04EC0-301F-11D3-BF4B-00C04F79EFBC}") = "Section01", "Chapter08\Section01\Section01.csproj", "{1FBCA494-2610-412C-B40D-3CF872285432}"
EndProject
Project("{9A19103F-16F7-4668-BE54-9A1E7A4F7556}") = "DateTimeApp", "FormApps\DateTimeApp\DateTimeApp.csproj", "{E880295D-89C5-4E39-8765-D8A9512DC9C9}"
EndProject
Project("{2150E333-8FDC-42A3-9474-1A3956D46DE8}") = "演習問題", "演習問題", "{91DEBF67-43DA-4C5E-9585-8630BCC538CB}"
EndProject
Project("{9A19103F-16F7-4668-BE54-9A1E7A4F7556}") = "Exercise01", "Chapter08\演習問題\Exercise01\Exercise01.csproj", "{291769A6-2817-4F28-B6E7-224CAD79D4BF}"
EndProject
Project("{9A19103F-16F7-4668-BE54-9A1E7A4F7556}") = "CarReportSystem", "FormApps\CarReportSystem\CarReportSystem.csproj", "{AECEF569-C0CA-49F0-9777-31ED8882A8B3}"
EndProject
Project("{2150E333-8FDC-42A3-9474-1A3956D46DE8}") = "Chapter11", "Chapter11", "{A9E24501-6366-49B1-A7FF-3E4BA2D4FEB5}"
EndProject
Project("{FAE04EC0-301F-11D3-BF4B-00C04F79EFBC}") = "Section01", "Chapter11\Section01\Section01.csproj", "{06ABF7E1-BD74-4D08-8C90-171950644483}"
EndProject
Project("{2150E333-8FDC-42A3-9474-1A3956D46DE8}") = "演習問題", "演習問題", "{F74974A2-720D-49EE-846B-D4DB3E7F607D}"
EndProject
Project("{FAE04EC0-301F-11D3-BF4B-00C04F79EFBC}") = "Exercise01", "Chapter11\演習問題\Exercise01\Exercise01.csproj", "{20FBAE5F-869B-4DF1-B341-A18E5A87EF44}"
EndProject
Project("{FAE04EC0-301F-11D3-BF4B-00C04F79EFBC}") = "Section02", "Chapter11\Section02\Section02.csproj", "{9375F9C8-3487-4A47-8ACD-2EBD87A5E320}"
EndProject
Project("{2150E333-8FDC-42A3-9474-1A3956D46DE8}") = "Chapter12", "Chapter12", "{1CC27CE8-6514-4A27-A632-D84ADF5B8CFF}"
EndProject
Project("{FAE04EC0-301F-11D3-BF4B-00C04F79EFBC}") = "Section01", "Chapter12\Section01\Section01.csproj", "{D65E7170-F52F-4064-989E-CE0AC18729E4}"
EndProject
Project("{2150E333-8FDC-42A3-9474-1A3956D46DE8}") = "演習問題", "演習問題", "{4AF14A58-B9B2-46A9-B06F-7212E3357CE8}"
EndProject
Project("{FAE04EC0-301F-11D3-BF4B-00C04F79EFBC}") = "Exercise01", "Chapter12\Exercise01\Exercise01.csproj", "{F2E8855E-8992-4D6F-9CE5-AE35124C52E4}"
EndProject
Project("{FAE04EC0-301F-11D3-BF4B-00C04F79EFBC}") = "Section02", "Chapter12\Section02\Section02.csproj", "{E476FB0B-62A5-4E0A-82A3-A91BDD13DF4C}"
EndProject
Project("{FAE04EC0-301F-11D3-BF4B-00C04F79EFBC}") = "RssReader", "FormApps\RssReader\RssReader.csproj", "{27D35059-AB63-4C72-8870-B62BF843E3D5}"
EndProject
Project("{2150E333-8FDC-42A3-9474-1A3956D46DE8}") = "Chapter13", "Chapter13", "{E31834C9-8B9A-41D0-977E-7C5ED526127A}"
EndProject
Project("{FAE04EC0-301F-11D3-BF4B-00C04F79EFBC}") = "SampleEntityFramework", "Chapter13\SampleEntityFramework\SampleEntityFramework.csproj", "{5B374363-363E-4954-8E5A-C60D2C6F52E1}"
EndProject
Project("{FAE04EC0-301F-11D3-BF4B-00C04F79EFBC}") = "ADOSample", "FormApps\ADOSample\ADOSample.csproj", "{592280DA-C12A-4179-AE8B-C4711E19BA60}"
EndProject
Project("{2150E333-8FDC-42A3-9474-1A3956D46DE8}") = "Chapter15", "Chapter15", "{32821964-0968-4EF4-BEEA-5AC0EC38DECC}"
EndProject
Project("{FAE04EC0-301F-11D3-BF4B-00C04F79EFBC}") = "Section01", "Chapter15\Section01\Section01.csproj", "{C9F83A62-A233-4CC5-8891-02D35E31A50C}"
EndProject
Project("{2150E333-8FDC-42A3-9474-1A3956D46DE8}") = "演習問題", "演習問題", "{79888E87-6595-483D-8965-1391DB824D30}"
EndProject
Project("{FAE04EC0-301F-11D3-BF4B-00C04F79EFBC}") = "Exercise01", "Chapter15\演習問題\Exercise01\Exercise01.csproj", "{791AC715-CC52-4ED7-B2B0-878F553CB0EA}"
EndProject
Project("{2150E333-8FDC-42A3-9474-1A3956D46DE8}") = "Chapter16", "Chapter16", "{E2112452-3C4B-4EB3-B70A-51D662EE146C}"
EndProject
Project("{FAE04EC0-301F-11D3-BF4B-00C04F79EFBC}") = "Section03", "Chapter16\Section03\Section03.csproj", "{032475A9-120B-4ADA-9E82-0633073F8A41}"
EndProject
Project("{FAE04EC0-301F-11D3-BF4B-00C04F79EFBC}") = "Section04", "Chapter16\Section04\Section04.csproj", "{CEC22950-901B-4975-B337-2F726E50795F}"
EndProject
Project("{2150E333-8FDC-42A3-9474-1A3956D46DE8}") = "Chapter17", "Chapter17", "{236C465A-FA6A-425F-B431-73B7765B44CC}"
EndProject
Project("{FAE04EC0-301F-11D3-BF4B-00C04F79EFBC}") = "Section01", "Chapter17\Section01\Section01.csproj", "{FE6FDD14-F4FB-4FCC-82C4-909F3E21810E}"
EndProject
Project("{FAE04EC0-301F-11D3-BF4B-00C04F79EFBC}") = "Section02", "Chapter17\Section02\Section02.csproj", "{5E02FECB-1B99-4F95-AE76-1B8339B4C35F}"
EndProject
Project("{2150E333-8FDC-42A3-9474-1A3956D46DE8}") = "TemplateMethod", "TemplateMethod", "{33E5CA35-F670-4C00-BDA8-29A73338EA0F}"
EndProject
Project("{FAE04EC0-301F-11D3-BF4B-00C04F79EFBC}") = "TextFileProcessor", "Chapter17\TemplateMethod\TextFileProcessor\TextFileProcessor.csproj", "{18B375E3-7CCF-426E-8DA6-0E8661DDC074}"
EndProject
Project("{FAE04EC0-301F-11D3-BF4B-00C04F79EFBC}") = "LineCounter", "Chapter17\TemplateMethod\LineCounter\LineCounter.csproj", "{5188EBD6-82A0-41BE-87E2-434FC6C1FEB9}"
EndProject
Project("{2150E333-8FDC-42A3-9474-1A3956D46DE8}") = "Strategy", "Strategy", "{321DCC36-8370-4D6A-A5AC-39A8493B59B9}"
EndProject
Project("{FAE04EC0-301F-11D3-BF4B-00C04F79EFBC}") = "DistanceConverter", "Chapter17\Strategy\DistanceConverter\DistanceConverter.csproj", "{5838B528-758E-4176-8775-4F203CA1CFFC}"
EndProject
Project("{FAE04EC0-301F-11D3-BF4B-00C04F79EFBC}") = "TextNumberSizeChange", "Chapter17\TemplateMethod\TextNumberSizeChange\TextNumberSizeChange.csproj", "{06D92363-CC8C-4E66-9B0B-63D5977D965E}"
EndProject
Project("{2150E333-8FDC-42A3-9474-1A3956D46DE8}") = "WPF", "WPF", "{A4716B08-5D95-415B-91E4-1A2079E44DD4}"
EndProject
Project("{FAE04EC0-301F-11D3-BF4B-00C04F79EFBC}") = "SampleAppcation", "WPF\SampleAppcation\SampleAppcation.csproj", "{BA0309A2-61CE-4225-9CA3-A4EA0B0B50C1}"
EndProject
Project("{FAE04EC0-301F-11D3-BF4B-00C04F79EFBC}") = "GridSample", "WPF\GridSample\GridSample.csproj", "{49036716-466F-44DD-B300-CBD27096B820}"
EndProject
Project("{FAE04EC0-301F-11D3-BF4B-00C04F79EFBC}") = "SampleSlider", "WPF\SampleSlider\SampleSlider.csproj", "{62AD4F03-2553-41FB-B8E2-57D74E620314}"
EndProject
Project("{FAE04EC0-301F-11D3-BF4B-00C04F79EFBC}") = "CollorChecker", "WPF\CollorChecker\CollorChecker.csproj", "{632896DA-70EE-4DDA-AA6C-23852E1AB45C}"
EndProject
Project("{FAE04EC0-301F-11D3-BF4B-00C04F79EFBC}") = "sampleUnitConverter", "WPF\sampleUnitConverter\sampleUnitConverter.csproj", "{97FB7FE0-76B9-49E6-8AF8-5A82F4757913}"
EndProject
Project("{FAE04EC0-301F-11D3-BF4B-00C04F79EFBC}") = "SampleWeightUnitConverter", "WPF\SampleWeightUnitConverter\SampleWeightUnitConverter.csproj", "{A93D9760-A31D-40CF-B924-972B45E55DF0}"
EndProject
Project("{FAE04EC0-301F-11D3-BF4B-00C04F79EFBC}") = "VisibilityConverter", "WPF\VisibityConverter\VisibilityConverter.csproj", "{BE3CE03E-B0BA-4EB2-A3B0-D1FC5945780B}"
EndProject
Project("{2150E333-8FDC-42A3-9474-1A3956D46DE8}") = "SQLite", "SQLite", "{3DBB5C86-4322-4112-B84C-BC5C2B084FA8}"
EndProject
Project("{FAE04EC0-301F-11D3-BF4B-00C04F79EFBC}") = "CustomerApp", "SQLite\CustomerApp\CustomerApp.csproj", "{52287728-90F5-4566-BA21-973297C499D0}"
EndProject
Global
	GlobalSection(SolutionConfigurationPlatforms) = preSolution
		Debug|Any CPU = Debug|Any CPU
		Release|Any CPU = Release|Any CPU
	EndGlobalSection
	GlobalSection(ProjectConfigurationPlatforms) = postSolution
		{A642E171-FE02-405A-ADC6-1CA85FB8C381}.Debug|Any CPU.ActiveCfg = Debug|Any CPU
		{A642E171-FE02-405A-ADC6-1CA85FB8C381}.Debug|Any CPU.Build.0 = Debug|Any CPU
		{A642E171-FE02-405A-ADC6-1CA85FB8C381}.Release|Any CPU.ActiveCfg = Release|Any CPU
		{A642E171-FE02-405A-ADC6-1CA85FB8C381}.Release|Any CPU.Build.0 = Release|Any CPU
		{3A81C6CE-D79D-4A0F-AF57-BFA0B30739EC}.Debug|Any CPU.ActiveCfg = Debug|Any CPU
		{3A81C6CE-D79D-4A0F-AF57-BFA0B30739EC}.Debug|Any CPU.Build.0 = Debug|Any CPU
		{3A81C6CE-D79D-4A0F-AF57-BFA0B30739EC}.Release|Any CPU.ActiveCfg = Release|Any CPU
		{3A81C6CE-D79D-4A0F-AF57-BFA0B30739EC}.Release|Any CPU.Build.0 = Release|Any CPU
		{F85B7657-3589-44E2-A685-24BB1E3C10AB}.Debug|Any CPU.ActiveCfg = Debug|Any CPU
		{F85B7657-3589-44E2-A685-24BB1E3C10AB}.Debug|Any CPU.Build.0 = Debug|Any CPU
		{F85B7657-3589-44E2-A685-24BB1E3C10AB}.Release|Any CPU.ActiveCfg = Release|Any CPU
		{F85B7657-3589-44E2-A685-24BB1E3C10AB}.Release|Any CPU.Build.0 = Release|Any CPU
		{4CC351A1-5AE3-475F-A07D-16B890F65E54}.Debug|Any CPU.ActiveCfg = Debug|Any CPU
		{4CC351A1-5AE3-475F-A07D-16B890F65E54}.Debug|Any CPU.Build.0 = Debug|Any CPU
		{4CC351A1-5AE3-475F-A07D-16B890F65E54}.Release|Any CPU.ActiveCfg = Release|Any CPU
		{4CC351A1-5AE3-475F-A07D-16B890F65E54}.Release|Any CPU.Build.0 = Release|Any CPU
		{A569B28F-F454-4FE6-BCF9-27E7B889AFAD}.Debug|Any CPU.ActiveCfg = Debug|Any CPU
		{A569B28F-F454-4FE6-BCF9-27E7B889AFAD}.Debug|Any CPU.Build.0 = Debug|Any CPU
		{A569B28F-F454-4FE6-BCF9-27E7B889AFAD}.Release|Any CPU.ActiveCfg = Release|Any CPU
		{A569B28F-F454-4FE6-BCF9-27E7B889AFAD}.Release|Any CPU.Build.0 = Release|Any CPU
		{B142CACA-002E-478B-933B-E9E9A8AAEAB1}.Debug|Any CPU.ActiveCfg = Debug|Any CPU
		{B142CACA-002E-478B-933B-E9E9A8AAEAB1}.Debug|Any CPU.Build.0 = Debug|Any CPU
		{B142CACA-002E-478B-933B-E9E9A8AAEAB1}.Release|Any CPU.ActiveCfg = Release|Any CPU
		{B142CACA-002E-478B-933B-E9E9A8AAEAB1}.Release|Any CPU.Build.0 = Release|Any CPU
		{065B7AAA-D9D9-4C62-9392-CE02A2DE6584}.Debug|Any CPU.ActiveCfg = Debug|Any CPU
		{065B7AAA-D9D9-4C62-9392-CE02A2DE6584}.Debug|Any CPU.Build.0 = Debug|Any CPU
		{065B7AAA-D9D9-4C62-9392-CE02A2DE6584}.Release|Any CPU.ActiveCfg = Release|Any CPU
		{065B7AAA-D9D9-4C62-9392-CE02A2DE6584}.Release|Any CPU.Build.0 = Release|Any CPU
		{D29F6544-26C0-49B4-9177-B1AA7EDB4A89}.Debug|Any CPU.ActiveCfg = Debug|Any CPU
		{D29F6544-26C0-49B4-9177-B1AA7EDB4A89}.Debug|Any CPU.Build.0 = Debug|Any CPU
		{D29F6544-26C0-49B4-9177-B1AA7EDB4A89}.Release|Any CPU.ActiveCfg = Release|Any CPU
		{D29F6544-26C0-49B4-9177-B1AA7EDB4A89}.Release|Any CPU.Build.0 = Release|Any CPU
		{BAAE4517-2BEA-4DC9-B4A1-C17F01E7EDD4}.Debug|Any CPU.ActiveCfg = Debug|Any CPU
		{BAAE4517-2BEA-4DC9-B4A1-C17F01E7EDD4}.Debug|Any CPU.Build.0 = Debug|Any CPU
		{BAAE4517-2BEA-4DC9-B4A1-C17F01E7EDD4}.Release|Any CPU.ActiveCfg = Release|Any CPU
		{BAAE4517-2BEA-4DC9-B4A1-C17F01E7EDD4}.Release|Any CPU.Build.0 = Release|Any CPU
		{BE8C5C7B-6343-4C44-906E-5907775390CC}.Debug|Any CPU.ActiveCfg = Debug|Any CPU
		{BE8C5C7B-6343-4C44-906E-5907775390CC}.Debug|Any CPU.Build.0 = Debug|Any CPU
		{BE8C5C7B-6343-4C44-906E-5907775390CC}.Release|Any CPU.ActiveCfg = Release|Any CPU
		{BE8C5C7B-6343-4C44-906E-5907775390CC}.Release|Any CPU.Build.0 = Release|Any CPU
		{966108CA-7726-4239-8797-D5A2C8CEB524}.Debug|Any CPU.ActiveCfg = Debug|Any CPU
		{966108CA-7726-4239-8797-D5A2C8CEB524}.Debug|Any CPU.Build.0 = Debug|Any CPU
		{966108CA-7726-4239-8797-D5A2C8CEB524}.Release|Any CPU.ActiveCfg = Release|Any CPU
		{966108CA-7726-4239-8797-D5A2C8CEB524}.Release|Any CPU.Build.0 = Release|Any CPU
		{F3BAE09D-EA0E-4ABE-BD0C-7231004B723D}.Debug|Any CPU.ActiveCfg = Debug|Any CPU
		{F3BAE09D-EA0E-4ABE-BD0C-7231004B723D}.Debug|Any CPU.Build.0 = Debug|Any CPU
		{F3BAE09D-EA0E-4ABE-BD0C-7231004B723D}.Release|Any CPU.ActiveCfg = Release|Any CPU
		{F3BAE09D-EA0E-4ABE-BD0C-7231004B723D}.Release|Any CPU.Build.0 = Release|Any CPU
		{5FEC4593-7E73-4946-8009-22C7083C6429}.Debug|Any CPU.ActiveCfg = Debug|Any CPU
		{5FEC4593-7E73-4946-8009-22C7083C6429}.Debug|Any CPU.Build.0 = Debug|Any CPU
		{5FEC4593-7E73-4946-8009-22C7083C6429}.Release|Any CPU.ActiveCfg = Release|Any CPU
		{5FEC4593-7E73-4946-8009-22C7083C6429}.Release|Any CPU.Build.0 = Release|Any CPU
		{CC956019-9EEB-451D-848A-FB7D3734E49E}.Debug|Any CPU.ActiveCfg = Debug|Any CPU
		{CC956019-9EEB-451D-848A-FB7D3734E49E}.Debug|Any CPU.Build.0 = Debug|Any CPU
		{CC956019-9EEB-451D-848A-FB7D3734E49E}.Release|Any CPU.ActiveCfg = Release|Any CPU
		{CC956019-9EEB-451D-848A-FB7D3734E49E}.Release|Any CPU.Build.0 = Release|Any CPU
		{6BAAE45A-D8C0-4C72-BED2-1CA1FFD805C7}.Debug|Any CPU.ActiveCfg = Debug|Any CPU
		{6BAAE45A-D8C0-4C72-BED2-1CA1FFD805C7}.Debug|Any CPU.Build.0 = Debug|Any CPU
		{6BAAE45A-D8C0-4C72-BED2-1CA1FFD805C7}.Release|Any CPU.ActiveCfg = Release|Any CPU
		{6BAAE45A-D8C0-4C72-BED2-1CA1FFD805C7}.Release|Any CPU.Build.0 = Release|Any CPU
		{25841525-565D-4604-B063-D9E7166A1907}.Debug|Any CPU.ActiveCfg = Debug|Any CPU
		{25841525-565D-4604-B063-D9E7166A1907}.Debug|Any CPU.Build.0 = Debug|Any CPU
		{25841525-565D-4604-B063-D9E7166A1907}.Release|Any CPU.ActiveCfg = Release|Any CPU
		{25841525-565D-4604-B063-D9E7166A1907}.Release|Any CPU.Build.0 = Release|Any CPU
		{35F638A8-257E-43DC-A0F3-55D67D51DF36}.Debug|Any CPU.ActiveCfg = Debug|Any CPU
		{35F638A8-257E-43DC-A0F3-55D67D51DF36}.Debug|Any CPU.Build.0 = Debug|Any CPU
		{35F638A8-257E-43DC-A0F3-55D67D51DF36}.Release|Any CPU.ActiveCfg = Release|Any CPU
		{35F638A8-257E-43DC-A0F3-55D67D51DF36}.Release|Any CPU.Build.0 = Release|Any CPU
		{0660E14F-FAA7-4770-8BC1-70B0DFA085FF}.Debug|Any CPU.ActiveCfg = Debug|Any CPU
		{0660E14F-FAA7-4770-8BC1-70B0DFA085FF}.Debug|Any CPU.Build.0 = Debug|Any CPU
		{0660E14F-FAA7-4770-8BC1-70B0DFA085FF}.Release|Any CPU.ActiveCfg = Release|Any CPU
		{0660E14F-FAA7-4770-8BC1-70B0DFA085FF}.Release|Any CPU.Build.0 = Release|Any CPU
		{9154507F-4C57-455D-BEA4-17CE55A96025}.Debug|Any CPU.ActiveCfg = Debug|Any CPU
		{9154507F-4C57-455D-BEA4-17CE55A96025}.Debug|Any CPU.Build.0 = Debug|Any CPU
		{9154507F-4C57-455D-BEA4-17CE55A96025}.Release|Any CPU.ActiveCfg = Release|Any CPU
		{9154507F-4C57-455D-BEA4-17CE55A96025}.Release|Any CPU.Build.0 = Release|Any CPU
		{FCA52136-DF81-4DF1-8C65-E7263DB73766}.Debug|Any CPU.ActiveCfg = Debug|Any CPU
		{FCA52136-DF81-4DF1-8C65-E7263DB73766}.Debug|Any CPU.Build.0 = Debug|Any CPU
		{FCA52136-DF81-4DF1-8C65-E7263DB73766}.Release|Any CPU.ActiveCfg = Release|Any CPU
		{FCA52136-DF81-4DF1-8C65-E7263DB73766}.Release|Any CPU.Build.0 = Release|Any CPU
		{3BA5F326-C80E-4482-AC30-D76EBFC8F34B}.Debug|Any CPU.ActiveCfg = Debug|Any CPU
		{3BA5F326-C80E-4482-AC30-D76EBFC8F34B}.Debug|Any CPU.Build.0 = Debug|Any CPU
		{3BA5F326-C80E-4482-AC30-D76EBFC8F34B}.Release|Any CPU.ActiveCfg = Release|Any CPU
		{3BA5F326-C80E-4482-AC30-D76EBFC8F34B}.Release|Any CPU.Build.0 = Release|Any CPU
		{77FB650D-4885-4D37-BE72-304EB292DE61}.Debug|Any CPU.ActiveCfg = Debug|Any CPU
		{77FB650D-4885-4D37-BE72-304EB292DE61}.Debug|Any CPU.Build.0 = Debug|Any CPU
		{77FB650D-4885-4D37-BE72-304EB292DE61}.Release|Any CPU.ActiveCfg = Release|Any CPU
		{77FB650D-4885-4D37-BE72-304EB292DE61}.Release|Any CPU.Build.0 = Release|Any CPU
		{19FE2295-7D15-4BDA-8782-D80514EF9871}.Debug|Any CPU.ActiveCfg = Debug|Any CPU
		{19FE2295-7D15-4BDA-8782-D80514EF9871}.Debug|Any CPU.Build.0 = Debug|Any CPU
		{19FE2295-7D15-4BDA-8782-D80514EF9871}.Release|Any CPU.ActiveCfg = Release|Any CPU
		{19FE2295-7D15-4BDA-8782-D80514EF9871}.Release|Any CPU.Build.0 = Release|Any CPU
		{2BFACDC3-F44D-4199-8498-F5C3C4AC0335}.Debug|Any CPU.ActiveCfg = Debug|Any CPU
		{2BFACDC3-F44D-4199-8498-F5C3C4AC0335}.Debug|Any CPU.Build.0 = Debug|Any CPU
		{2BFACDC3-F44D-4199-8498-F5C3C4AC0335}.Release|Any CPU.ActiveCfg = Release|Any CPU
		{2BFACDC3-F44D-4199-8498-F5C3C4AC0335}.Release|Any CPU.Build.0 = Release|Any CPU
		{E461C0A8-8900-485C-B520-E929BA33F712}.Debug|Any CPU.ActiveCfg = Debug|Any CPU
		{E461C0A8-8900-485C-B520-E929BA33F712}.Debug|Any CPU.Build.0 = Debug|Any CPU
		{E461C0A8-8900-485C-B520-E929BA33F712}.Release|Any CPU.ActiveCfg = Release|Any CPU
		{E461C0A8-8900-485C-B520-E929BA33F712}.Release|Any CPU.Build.0 = Release|Any CPU
		{6B432D77-49A1-479A-8AF5-3BA5198A620B}.Debug|Any CPU.ActiveCfg = Debug|Any CPU
		{6B432D77-49A1-479A-8AF5-3BA5198A620B}.Debug|Any CPU.Build.0 = Debug|Any CPU
		{6B432D77-49A1-479A-8AF5-3BA5198A620B}.Release|Any CPU.ActiveCfg = Release|Any CPU
		{6B432D77-49A1-479A-8AF5-3BA5198A620B}.Release|Any CPU.Build.0 = Release|Any CPU
		{9B9B863C-64D7-4202-B278-BE5786ECFBEA}.Debug|Any CPU.ActiveCfg = Debug|Any CPU
		{9B9B863C-64D7-4202-B278-BE5786ECFBEA}.Debug|Any CPU.Build.0 = Debug|Any CPU
		{9B9B863C-64D7-4202-B278-BE5786ECFBEA}.Release|Any CPU.ActiveCfg = Release|Any CPU
		{9B9B863C-64D7-4202-B278-BE5786ECFBEA}.Release|Any CPU.Build.0 = Release|Any CPU
		{1FBCA494-2610-412C-B40D-3CF872285432}.Debug|Any CPU.ActiveCfg = Debug|Any CPU
		{1FBCA494-2610-412C-B40D-3CF872285432}.Debug|Any CPU.Build.0 = Debug|Any CPU
		{1FBCA494-2610-412C-B40D-3CF872285432}.Release|Any CPU.ActiveCfg = Release|Any CPU
		{1FBCA494-2610-412C-B40D-3CF872285432}.Release|Any CPU.Build.0 = Release|Any CPU
		{E880295D-89C5-4E39-8765-D8A9512DC9C9}.Debug|Any CPU.ActiveCfg = Debug|Any CPU
		{E880295D-89C5-4E39-8765-D8A9512DC9C9}.Debug|Any CPU.Build.0 = Debug|Any CPU
		{E880295D-89C5-4E39-8765-D8A9512DC9C9}.Release|Any CPU.ActiveCfg = Release|Any CPU
		{E880295D-89C5-4E39-8765-D8A9512DC9C9}.Release|Any CPU.Build.0 = Release|Any CPU
		{291769A6-2817-4F28-B6E7-224CAD79D4BF}.Debug|Any CPU.ActiveCfg = Debug|Any CPU
		{291769A6-2817-4F28-B6E7-224CAD79D4BF}.Debug|Any CPU.Build.0 = Debug|Any CPU
		{291769A6-2817-4F28-B6E7-224CAD79D4BF}.Release|Any CPU.ActiveCfg = Release|Any CPU
		{291769A6-2817-4F28-B6E7-224CAD79D4BF}.Release|Any CPU.Build.0 = Release|Any CPU
		{AECEF569-C0CA-49F0-9777-31ED8882A8B3}.Debug|Any CPU.ActiveCfg = Debug|Any CPU
		{AECEF569-C0CA-49F0-9777-31ED8882A8B3}.Debug|Any CPU.Build.0 = Debug|Any CPU
		{AECEF569-C0CA-49F0-9777-31ED8882A8B3}.Release|Any CPU.ActiveCfg = Release|Any CPU
		{AECEF569-C0CA-49F0-9777-31ED8882A8B3}.Release|Any CPU.Build.0 = Release|Any CPU
		{06ABF7E1-BD74-4D08-8C90-171950644483}.Debug|Any CPU.ActiveCfg = Debug|Any CPU
		{06ABF7E1-BD74-4D08-8C90-171950644483}.Debug|Any CPU.Build.0 = Debug|Any CPU
		{06ABF7E1-BD74-4D08-8C90-171950644483}.Release|Any CPU.ActiveCfg = Release|Any CPU
		{06ABF7E1-BD74-4D08-8C90-171950644483}.Release|Any CPU.Build.0 = Release|Any CPU
		{20FBAE5F-869B-4DF1-B341-A18E5A87EF44}.Debug|Any CPU.ActiveCfg = Debug|Any CPU
		{20FBAE5F-869B-4DF1-B341-A18E5A87EF44}.Debug|Any CPU.Build.0 = Debug|Any CPU
		{20FBAE5F-869B-4DF1-B341-A18E5A87EF44}.Release|Any CPU.ActiveCfg = Release|Any CPU
		{20FBAE5F-869B-4DF1-B341-A18E5A87EF44}.Release|Any CPU.Build.0 = Release|Any CPU
		{9375F9C8-3487-4A47-8ACD-2EBD87A5E320}.Debug|Any CPU.ActiveCfg = Debug|Any CPU
		{9375F9C8-3487-4A47-8ACD-2EBD87A5E320}.Debug|Any CPU.Build.0 = Debug|Any CPU
		{9375F9C8-3487-4A47-8ACD-2EBD87A5E320}.Release|Any CPU.ActiveCfg = Release|Any CPU
		{9375F9C8-3487-4A47-8ACD-2EBD87A5E320}.Release|Any CPU.Build.0 = Release|Any CPU
		{D65E7170-F52F-4064-989E-CE0AC18729E4}.Debug|Any CPU.ActiveCfg = Debug|Any CPU
		{D65E7170-F52F-4064-989E-CE0AC18729E4}.Debug|Any CPU.Build.0 = Debug|Any CPU
		{D65E7170-F52F-4064-989E-CE0AC18729E4}.Release|Any CPU.ActiveCfg = Release|Any CPU
		{D65E7170-F52F-4064-989E-CE0AC18729E4}.Release|Any CPU.Build.0 = Release|Any CPU
		{F2E8855E-8992-4D6F-9CE5-AE35124C52E4}.Debug|Any CPU.ActiveCfg = Debug|Any CPU
		{F2E8855E-8992-4D6F-9CE5-AE35124C52E4}.Debug|Any CPU.Build.0 = Debug|Any CPU
		{F2E8855E-8992-4D6F-9CE5-AE35124C52E4}.Release|Any CPU.ActiveCfg = Release|Any CPU
		{F2E8855E-8992-4D6F-9CE5-AE35124C52E4}.Release|Any CPU.Build.0 = Release|Any CPU
		{E476FB0B-62A5-4E0A-82A3-A91BDD13DF4C}.Debug|Any CPU.ActiveCfg = Debug|Any CPU
		{E476FB0B-62A5-4E0A-82A3-A91BDD13DF4C}.Debug|Any CPU.Build.0 = Debug|Any CPU
		{E476FB0B-62A5-4E0A-82A3-A91BDD13DF4C}.Release|Any CPU.ActiveCfg = Release|Any CPU
		{E476FB0B-62A5-4E0A-82A3-A91BDD13DF4C}.Release|Any CPU.Build.0 = Release|Any CPU
		{27D35059-AB63-4C72-8870-B62BF843E3D5}.Debug|Any CPU.ActiveCfg = Debug|Any CPU
		{27D35059-AB63-4C72-8870-B62BF843E3D5}.Debug|Any CPU.Build.0 = Debug|Any CPU
		{27D35059-AB63-4C72-8870-B62BF843E3D5}.Release|Any CPU.ActiveCfg = Release|Any CPU
		{27D35059-AB63-4C72-8870-B62BF843E3D5}.Release|Any CPU.Build.0 = Release|Any CPU
		{5B374363-363E-4954-8E5A-C60D2C6F52E1}.Debug|Any CPU.ActiveCfg = Debug|Any CPU
		{5B374363-363E-4954-8E5A-C60D2C6F52E1}.Debug|Any CPU.Build.0 = Debug|Any CPU
		{5B374363-363E-4954-8E5A-C60D2C6F52E1}.Release|Any CPU.ActiveCfg = Release|Any CPU
		{5B374363-363E-4954-8E5A-C60D2C6F52E1}.Release|Any CPU.Build.0 = Release|Any CPU
		{592280DA-C12A-4179-AE8B-C4711E19BA60}.Debug|Any CPU.ActiveCfg = Debug|Any CPU
		{592280DA-C12A-4179-AE8B-C4711E19BA60}.Debug|Any CPU.Build.0 = Debug|Any CPU
		{592280DA-C12A-4179-AE8B-C4711E19BA60}.Release|Any CPU.ActiveCfg = Release|Any CPU
		{592280DA-C12A-4179-AE8B-C4711E19BA60}.Release|Any CPU.Build.0 = Release|Any CPU
		{C9F83A62-A233-4CC5-8891-02D35E31A50C}.Debug|Any CPU.ActiveCfg = Debug|Any CPU
		{C9F83A62-A233-4CC5-8891-02D35E31A50C}.Debug|Any CPU.Build.0 = Debug|Any CPU
		{C9F83A62-A233-4CC5-8891-02D35E31A50C}.Release|Any CPU.ActiveCfg = Release|Any CPU
		{C9F83A62-A233-4CC5-8891-02D35E31A50C}.Release|Any CPU.Build.0 = Release|Any CPU
		{791AC715-CC52-4ED7-B2B0-878F553CB0EA}.Debug|Any CPU.ActiveCfg = Debug|Any CPU
		{791AC715-CC52-4ED7-B2B0-878F553CB0EA}.Debug|Any CPU.Build.0 = Debug|Any CPU
		{791AC715-CC52-4ED7-B2B0-878F553CB0EA}.Release|Any CPU.ActiveCfg = Release|Any CPU
		{791AC715-CC52-4ED7-B2B0-878F553CB0EA}.Release|Any CPU.Build.0 = Release|Any CPU
		{032475A9-120B-4ADA-9E82-0633073F8A41}.Debug|Any CPU.ActiveCfg = Debug|Any CPU
		{032475A9-120B-4ADA-9E82-0633073F8A41}.Debug|Any CPU.Build.0 = Debug|Any CPU
		{032475A9-120B-4ADA-9E82-0633073F8A41}.Release|Any CPU.ActiveCfg = Release|Any CPU
		{032475A9-120B-4ADA-9E82-0633073F8A41}.Release|Any CPU.Build.0 = Release|Any CPU
		{CEC22950-901B-4975-B337-2F726E50795F}.Debug|Any CPU.ActiveCfg = Debug|Any CPU
		{CEC22950-901B-4975-B337-2F726E50795F}.Debug|Any CPU.Build.0 = Debug|Any CPU
		{CEC22950-901B-4975-B337-2F726E50795F}.Release|Any CPU.ActiveCfg = Release|Any CPU
		{CEC22950-901B-4975-B337-2F726E50795F}.Release|Any CPU.Build.0 = Release|Any CPU
		{FE6FDD14-F4FB-4FCC-82C4-909F3E21810E}.Debug|Any CPU.ActiveCfg = Debug|Any CPU
		{FE6FDD14-F4FB-4FCC-82C4-909F3E21810E}.Debug|Any CPU.Build.0 = Debug|Any CPU
		{FE6FDD14-F4FB-4FCC-82C4-909F3E21810E}.Release|Any CPU.ActiveCfg = Release|Any CPU
		{FE6FDD14-F4FB-4FCC-82C4-909F3E21810E}.Release|Any CPU.Build.0 = Release|Any CPU
		{5E02FECB-1B99-4F95-AE76-1B8339B4C35F}.Debug|Any CPU.ActiveCfg = Debug|Any CPU
		{5E02FECB-1B99-4F95-AE76-1B8339B4C35F}.Debug|Any CPU.Build.0 = Debug|Any CPU
		{5E02FECB-1B99-4F95-AE76-1B8339B4C35F}.Release|Any CPU.ActiveCfg = Release|Any CPU
		{5E02FECB-1B99-4F95-AE76-1B8339B4C35F}.Release|Any CPU.Build.0 = Release|Any CPU
		{18B375E3-7CCF-426E-8DA6-0E8661DDC074}.Debug|Any CPU.ActiveCfg = Debug|Any CPU
		{18B375E3-7CCF-426E-8DA6-0E8661DDC074}.Debug|Any CPU.Build.0 = Debug|Any CPU
		{18B375E3-7CCF-426E-8DA6-0E8661DDC074}.Release|Any CPU.ActiveCfg = Release|Any CPU
		{18B375E3-7CCF-426E-8DA6-0E8661DDC074}.Release|Any CPU.Build.0 = Release|Any CPU
		{5188EBD6-82A0-41BE-87E2-434FC6C1FEB9}.Debug|Any CPU.ActiveCfg = Debug|Any CPU
		{5188EBD6-82A0-41BE-87E2-434FC6C1FEB9}.Debug|Any CPU.Build.0 = Debug|Any CPU
		{5188EBD6-82A0-41BE-87E2-434FC6C1FEB9}.Release|Any CPU.ActiveCfg = Release|Any CPU
		{5188EBD6-82A0-41BE-87E2-434FC6C1FEB9}.Release|Any CPU.Build.0 = Release|Any CPU
		{5838B528-758E-4176-8775-4F203CA1CFFC}.Debug|Any CPU.ActiveCfg = Debug|Any CPU
		{5838B528-758E-4176-8775-4F203CA1CFFC}.Debug|Any CPU.Build.0 = Debug|Any CPU
		{5838B528-758E-4176-8775-4F203CA1CFFC}.Release|Any CPU.ActiveCfg = Release|Any CPU
		{5838B528-758E-4176-8775-4F203CA1CFFC}.Release|Any CPU.Build.0 = Release|Any CPU
		{06D92363-CC8C-4E66-9B0B-63D5977D965E}.Debug|Any CPU.ActiveCfg = Debug|Any CPU
		{06D92363-CC8C-4E66-9B0B-63D5977D965E}.Debug|Any CPU.Build.0 = Debug|Any CPU
		{06D92363-CC8C-4E66-9B0B-63D5977D965E}.Release|Any CPU.ActiveCfg = Release|Any CPU
		{06D92363-CC8C-4E66-9B0B-63D5977D965E}.Release|Any CPU.Build.0 = Release|Any CPU
		{BA0309A2-61CE-4225-9CA3-A4EA0B0B50C1}.Debug|Any CPU.ActiveCfg = Debug|Any CPU
		{BA0309A2-61CE-4225-9CA3-A4EA0B0B50C1}.Debug|Any CPU.Build.0 = Debug|Any CPU
		{BA0309A2-61CE-4225-9CA3-A4EA0B0B50C1}.Release|Any CPU.ActiveCfg = Release|Any CPU
		{BA0309A2-61CE-4225-9CA3-A4EA0B0B50C1}.Release|Any CPU.Build.0 = Release|Any CPU
		{49036716-466F-44DD-B300-CBD27096B820}.Debug|Any CPU.ActiveCfg = Debug|Any CPU
		{49036716-466F-44DD-B300-CBD27096B820}.Debug|Any CPU.Build.0 = Debug|Any CPU
		{49036716-466F-44DD-B300-CBD27096B820}.Release|Any CPU.ActiveCfg = Release|Any CPU
		{49036716-466F-44DD-B300-CBD27096B820}.Release|Any CPU.Build.0 = Release|Any CPU
		{62AD4F03-2553-41FB-B8E2-57D74E620314}.Debug|Any CPU.ActiveCfg = Debug|Any CPU
		{62AD4F03-2553-41FB-B8E2-57D74E620314}.Debug|Any CPU.Build.0 = Debug|Any CPU
		{62AD4F03-2553-41FB-B8E2-57D74E620314}.Release|Any CPU.ActiveCfg = Release|Any CPU
		{62AD4F03-2553-41FB-B8E2-57D74E620314}.Release|Any CPU.Build.0 = Release|Any CPU
		{632896DA-70EE-4DDA-AA6C-23852E1AB45C}.Debug|Any CPU.ActiveCfg = Debug|Any CPU
		{632896DA-70EE-4DDA-AA6C-23852E1AB45C}.Debug|Any CPU.Build.0 = Debug|Any CPU
		{632896DA-70EE-4DDA-AA6C-23852E1AB45C}.Release|Any CPU.ActiveCfg = Release|Any CPU
		{632896DA-70EE-4DDA-AA6C-23852E1AB45C}.Release|Any CPU.Build.0 = Release|Any CPU
		{97FB7FE0-76B9-49E6-8AF8-5A82F4757913}.Debug|Any CPU.ActiveCfg = Debug|Any CPU
		{97FB7FE0-76B9-49E6-8AF8-5A82F4757913}.Debug|Any CPU.Build.0 = Debug|Any CPU
		{97FB7FE0-76B9-49E6-8AF8-5A82F4757913}.Release|Any CPU.ActiveCfg = Release|Any CPU
		{97FB7FE0-76B9-49E6-8AF8-5A82F4757913}.Release|Any CPU.Build.0 = Release|Any CPU
		{A93D9760-A31D-40CF-B924-972B45E55DF0}.Debug|Any CPU.ActiveCfg = Debug|Any CPU
		{A93D9760-A31D-40CF-B924-972B45E55DF0}.Debug|Any CPU.Build.0 = Debug|Any CPU
		{A93D9760-A31D-40CF-B924-972B45E55DF0}.Release|Any CPU.ActiveCfg = Release|Any CPU
		{A93D9760-A31D-40CF-B924-972B45E55DF0}.Release|Any CPU.Build.0 = Release|Any CPU
		{BE3CE03E-B0BA-4EB2-A3B0-D1FC5945780B}.Debug|Any CPU.ActiveCfg = Debug|Any CPU
		{BE3CE03E-B0BA-4EB2-A3B0-D1FC5945780B}.Debug|Any CPU.Build.0 = Debug|Any CPU
		{BE3CE03E-B0BA-4EB2-A3B0-D1FC5945780B}.Release|Any CPU.ActiveCfg = Release|Any CPU
		{BE3CE03E-B0BA-4EB2-A3B0-D1FC5945780B}.Release|Any CPU.Build.0 = Release|Any CPU
		{52287728-90F5-4566-BA21-973297C499D0}.Debug|Any CPU.ActiveCfg = Debug|Any CPU
		{52287728-90F5-4566-BA21-973297C499D0}.Debug|Any CPU.Build.0 = Debug|Any CPU
		{52287728-90F5-4566-BA21-973297C499D0}.Release|Any CPU.ActiveCfg = Release|Any CPU
		{52287728-90F5-4566-BA21-973297C499D0}.Release|Any CPU.Build.0 = Release|Any CPU
	EndGlobalSection
	GlobalSection(SolutionProperties) = preSolution
		HideSolutionNode = FALSE
	EndGlobalSection
	GlobalSection(NestedProjects) = preSolution
		{A642E171-FE02-405A-ADC6-1CA85FB8C381} = {54EBC7BA-E717-4BC8-A910-A3D14EE52BFA}
		{3A81C6CE-D79D-4A0F-AF57-BFA0B30739EC} = {54EBC7BA-E717-4BC8-A910-A3D14EE52BFA}
		{26873B40-1AFC-4631-B789-C020CB41BD89} = {FED0C2BE-9ED4-4176-AA68-CC17FB242AA0}
		{F85B7657-3589-44E2-A685-24BB1E3C10AB} = {26873B40-1AFC-4631-B789-C020CB41BD89}
		{903EB898-F2D9-48AB-8238-79C08F94AB78} = {FED0C2BE-9ED4-4176-AA68-CC17FB242AA0}
		{4CC351A1-5AE3-475F-A07D-16B890F65E54} = {903EB898-F2D9-48AB-8238-79C08F94AB78}
		{8E5AC154-EF47-4B8B-8ADF-17A2BCCE2B94} = {FED0C2BE-9ED4-4176-AA68-CC17FB242AA0}
		{A569B28F-F454-4FE6-BCF9-27E7B889AFAD} = {8E5AC154-EF47-4B8B-8ADF-17A2BCCE2B94}
		{B142CACA-002E-478B-933B-E9E9A8AAEAB1} = {8E5AC154-EF47-4B8B-8ADF-17A2BCCE2B94}
		{065B7AAA-D9D9-4C62-9392-CE02A2DE6584} = {8E5AC154-EF47-4B8B-8ADF-17A2BCCE2B94}
		{D29F6544-26C0-49B4-9177-B1AA7EDB4A89} = {3BFAF09C-17B3-4ACF-B3BF-6E4FE5964C8D}
		{BAAE4517-2BEA-4DC9-B4A1-C17F01E7EDD4} = {E33FFBF9-8DA5-4BC7-A0FA-442A83C2A472}
		{6B7480F7-C335-4076-943F-C59EE6960C57} = {E33FFBF9-8DA5-4BC7-A0FA-442A83C2A472}
		{BE8C5C7B-6343-4C44-906E-5907775390CC} = {6B7480F7-C335-4076-943F-C59EE6960C57}
		{966108CA-7726-4239-8797-D5A2C8CEB524} = {6B7480F7-C335-4076-943F-C59EE6960C57}
		{F3BAE09D-EA0E-4ABE-BD0C-7231004B723D} = {3029A953-2FF4-4935-A16D-C1D56946233D}
		{1D31FA30-8436-47BB-88CF-A8789A64E708} = {3029A953-2FF4-4935-A16D-C1D56946233D}
		{5FEC4593-7E73-4946-8009-22C7083C6429} = {1D31FA30-8436-47BB-88CF-A8789A64E708}
		{CC956019-9EEB-451D-848A-FB7D3734E49E} = {1D31FA30-8436-47BB-88CF-A8789A64E708}
		{DB891803-49BB-44E4-A370-7D96716FB702} = {6523CC86-04AD-4134-A07A-09FA6E8291AD}
		{6BAAE45A-D8C0-4C72-BED2-1CA1FFD805C7} = {DB891803-49BB-44E4-A370-7D96716FB702}
		{25841525-565D-4604-B063-D9E7166A1907} = {DB891803-49BB-44E4-A370-7D96716FB702}
		{35F638A8-257E-43DC-A0F3-55D67D51DF36} = {DB891803-49BB-44E4-A370-7D96716FB702}
		{0660E14F-FAA7-4770-8BC1-70B0DFA085FF} = {DB891803-49BB-44E4-A370-7D96716FB702}
		{9154507F-4C57-455D-BEA4-17CE55A96025} = {66DC8A7A-1E8F-4632-AE2E-A6B02BAC7836}
		{067DAFA3-68EB-4EAC-BE0C-3B94569378A6} = {66DC8A7A-1E8F-4632-AE2E-A6B02BAC7836}
		{FCA52136-DF81-4DF1-8C65-E7263DB73766} = {067DAFA3-68EB-4EAC-BE0C-3B94569378A6}
		{3BA5F326-C80E-4482-AC30-D76EBFC8F34B} = {067DAFA3-68EB-4EAC-BE0C-3B94569378A6}
		{77FB650D-4885-4D37-BE72-304EB292DE61} = {0AC5FC19-0044-44EB-91BE-4CAFAC4F9EBF}
		{19FE2295-7D15-4BDA-8782-D80514EF9871} = {0AC5FC19-0044-44EB-91BE-4CAFAC4F9EBF}
		{2BFACDC3-F44D-4199-8498-F5C3C4AC0335} = {1ABBFE5E-C408-4BC2-848B-A4A582A30B2D}
		{E461C0A8-8900-485C-B520-E929BA33F712} = {1ABBFE5E-C408-4BC2-848B-A4A582A30B2D}
		{6B432D77-49A1-479A-8AF5-3BA5198A620B} = {0AC5FC19-0044-44EB-91BE-4CAFAC4F9EBF}
		{9B9B863C-64D7-4202-B278-BE5786ECFBEA} = {0AC5FC19-0044-44EB-91BE-4CAFAC4F9EBF}
		{1FBCA494-2610-412C-B40D-3CF872285432} = {A139162E-10B2-4467-B4ED-76917C13EE98}
		{E880295D-89C5-4E39-8765-D8A9512DC9C9} = {3BFAF09C-17B3-4ACF-B3BF-6E4FE5964C8D}
		{91DEBF67-43DA-4C5E-9585-8630BCC538CB} = {A139162E-10B2-4467-B4ED-76917C13EE98}
		{291769A6-2817-4F28-B6E7-224CAD79D4BF} = {91DEBF67-43DA-4C5E-9585-8630BCC538CB}
		{AECEF569-C0CA-49F0-9777-31ED8882A8B3} = {3BFAF09C-17B3-4ACF-B3BF-6E4FE5964C8D}
		{06ABF7E1-BD74-4D08-8C90-171950644483} = {A9E24501-6366-49B1-A7FF-3E4BA2D4FEB5}
		{F74974A2-720D-49EE-846B-D4DB3E7F607D} = {A9E24501-6366-49B1-A7FF-3E4BA2D4FEB5}
		{20FBAE5F-869B-4DF1-B341-A18E5A87EF44} = {F74974A2-720D-49EE-846B-D4DB3E7F607D}
		{9375F9C8-3487-4A47-8ACD-2EBD87A5E320} = {A9E24501-6366-49B1-A7FF-3E4BA2D4FEB5}
		{D65E7170-F52F-4064-989E-CE0AC18729E4} = {1CC27CE8-6514-4A27-A632-D84ADF5B8CFF}
		{4AF14A58-B9B2-46A9-B06F-7212E3357CE8} = {1CC27CE8-6514-4A27-A632-D84ADF5B8CFF}
		{F2E8855E-8992-4D6F-9CE5-AE35124C52E4} = {4AF14A58-B9B2-46A9-B06F-7212E3357CE8}
		{E476FB0B-62A5-4E0A-82A3-A91BDD13DF4C} = {1CC27CE8-6514-4A27-A632-D84ADF5B8CFF}
		{27D35059-AB63-4C72-8870-B62BF843E3D5} = {3BFAF09C-17B3-4ACF-B3BF-6E4FE5964C8D}
		{5B374363-363E-4954-8E5A-C60D2C6F52E1} = {E31834C9-8B9A-41D0-977E-7C5ED526127A}
		{592280DA-C12A-4179-AE8B-C4711E19BA60} = {3BFAF09C-17B3-4ACF-B3BF-6E4FE5964C8D}
		{C9F83A62-A233-4CC5-8891-02D35E31A50C} = {32821964-0968-4EF4-BEEA-5AC0EC38DECC}
		{79888E87-6595-483D-8965-1391DB824D30} = {32821964-0968-4EF4-BEEA-5AC0EC38DECC}
		{791AC715-CC52-4ED7-B2B0-878F553CB0EA} = {79888E87-6595-483D-8965-1391DB824D30}
		{032475A9-120B-4ADA-9E82-0633073F8A41} = {E2112452-3C4B-4EB3-B70A-51D662EE146C}
		{CEC22950-901B-4975-B337-2F726E50795F} = {E2112452-3C4B-4EB3-B70A-51D662EE146C}
		{FE6FDD14-F4FB-4FCC-82C4-909F3E21810E} = {236C465A-FA6A-425F-B431-73B7765B44CC}
		{5E02FECB-1B99-4F95-AE76-1B8339B4C35F} = {236C465A-FA6A-425F-B431-73B7765B44CC}
		{33E5CA35-F670-4C00-BDA8-29A73338EA0F} = {236C465A-FA6A-425F-B431-73B7765B44CC}
		{18B375E3-7CCF-426E-8DA6-0E8661DDC074} = {33E5CA35-F670-4C00-BDA8-29A73338EA0F}
		{5188EBD6-82A0-41BE-87E2-434FC6C1FEB9} = {33E5CA35-F670-4C00-BDA8-29A73338EA0F}
		{321DCC36-8370-4D6A-A5AC-39A8493B59B9} = {236C465A-FA6A-425F-B431-73B7765B44CC}
		{5838B528-758E-4176-8775-4F203CA1CFFC} = {321DCC36-8370-4D6A-A5AC-39A8493B59B9}
		{06D92363-CC8C-4E66-9B0B-63D5977D965E} = {33E5CA35-F670-4C00-BDA8-29A73338EA0F}
		{BA0309A2-61CE-4225-9CA3-A4EA0B0B50C1} = {A4716B08-5D95-415B-91E4-1A2079E44DD4}
		{49036716-466F-44DD-B300-CBD27096B820} = {A4716B08-5D95-415B-91E4-1A2079E44DD4}
		{62AD4F03-2553-41FB-B8E2-57D74E620314} = {A4716B08-5D95-415B-91E4-1A2079E44DD4}
		{632896DA-70EE-4DDA-AA6C-23852E1AB45C} = {A4716B08-5D95-415B-91E4-1A2079E44DD4}
		{97FB7FE0-76B9-49E6-8AF8-5A82F4757913} = {A4716B08-5D95-415B-91E4-1A2079E44DD4}
		{A93D9760-A31D-40CF-B924-972B45E55DF0} = {A4716B08-5D95-415B-91E4-1A2079E44DD4}
		{BE3CE03E-B0BA-4EB2-A3B0-D1FC5945780B} = {A4716B08-5D95-415B-91E4-1A2079E44DD4}
		{52287728-90F5-4566-BA21-973297C499D0} = {3DBB5C86-4322-4112-B84C-BC5C2B084FA8}
	EndGlobalSection
	GlobalSection(ExtensibilityGlobals) = postSolution
		SolutionGuid = {CA09C8AF-F06D-42CA-BD87-6B1274B153A5}
	EndGlobalSection
EndGlobal
