
Microsoft Visual Studio Solution File, Format Version 12.00
# Visual Studio Version 17
VisualStudioVersion = 17.9.34728.123
MinimumVisualStudioVersion = 10.0.40219.1
Project("{2150E333-8FDC-42A3-9474-1A3956D46DE8}") = "Chapter01", "Chapter01", "{54EBC7BA-E717-4BC8-A910-A3D14EE52BFA}"
EndProject
Project("{FAE04EC0-301F-11D3-BF4B-00C04F79EFBC}") = "ProductSample", "Chapter01\ProductSample\ProductSample.csproj", "{A642E171-FE02-405A-ADC6-1CA85FB8C381}"
EndProject
Project("{FAE04EC0-301F-11D3-BF4B-00C04F79EFBC}") = "Sample_p38", "Chapter01\Sample_p38\Sample_p38.csproj", "{3A81C6CE-D79D-4A0F-AF57-BFA0B30739EC}"
EndProject
Project("{2150E333-8FDC-42A3-9474-1A3956D46DE8}") = "Chapter02", "Chapter02", "{FED0C2BE-9ED4-4176-AA68-CC17FB242AA0}"
EndProject
Project("{2150E333-8FDC-42A3-9474-1A3956D46DE8}") = "距離換算プログラム", "距離換算プログラム", "{26873B40-1AFC-4631-B789-C020CB41BD89}"
EndProject
Project("{FAE04EC0-301F-11D3-BF4B-00C04F79EFBC}") = "DistanceConverter", "Chapter02\DistanceConverter\DistanceConverter.csproj", "{F85B7657-3589-44E2-A685-24BB1E3C10AB}"
EndProject
Project("{2150E333-8FDC-42A3-9474-1A3956D46DE8}") = "売上集計プログラム", "売上集計プログラム", "{903EB898-F2D9-48AB-8238-79C08F94AB78}"
EndProject
Project("{FAE04EC0-301F-11D3-BF4B-00C04F79EFBC}") = "SelesCounter", "Chapter02\SelesCounter\SelesCounter.csproj", "{4CC351A1-5AE3-475F-A07D-16B890F65E54}"
EndProject
Project("{2150E333-8FDC-42A3-9474-1A3956D46DE8}") = "#演習問題", "#演習問題", "{8E5AC154-EF47-4B8B-8ADF-17A2BCCE2B94}"
EndProject
Project("{FAE04EC0-301F-11D3-BF4B-00C04F79EFBC}") = "Exercise1", "Chapter02\演習問題\Exercise1\Exercise1.csproj", "{A569B28F-F454-4FE6-BCF9-27E7B889AFAD}"
EndProject
Project("{FAE04EC0-301F-11D3-BF4B-00C04F79EFBC}") = "Exercise2", "Chapter02\演習問題\Exercise2\Exercise2.csproj", "{B142CACA-002E-478B-933B-E9E9A8AAEAB1}"
EndProject
Project("{FAE04EC0-301F-11D3-BF4B-00C04F79EFBC}") = "Exercise3", "Chapter02\演習問題\Exercise3\Exercise3.csproj", "{065B7AAA-D9D9-4C62-9392-CE02A2DE6584}"
EndProject
Project("{2150E333-8FDC-42A3-9474-1A3956D46DE8}") = "FormApps", "FormApps", "{3BFAF09C-17B3-4ACF-B3BF-6E4FE5964C8D}"
EndProject
Project("{FAE04EC0-301F-11D3-BF4B-00C04F79EFBC}") = "BallApp", "FormApps\BallApp\BallApp.csproj", "{D29F6544-26C0-49B4-9177-B1AA7EDB4A89}"
EndProject
Global
	GlobalSection(SolutionConfigurationPlatforms) = preSolution
		Debug|Any CPU = Debug|Any CPU
		Release|Any CPU = Release|Any CPU
	EndGlobalSection
	GlobalSection(ProjectConfigurationPlatforms) = postSolution
		{A642E171-FE02-405A-ADC6-1CA85FB8C381}.Debug|Any CPU.ActiveCfg = Debug|Any CPU
		{A642E171-FE02-405A-ADC6-1CA85FB8C381}.Debug|Any CPU.Build.0 = Debug|Any CPU
		{A642E171-FE02-405A-ADC6-1CA85FB8C381}.Release|Any CPU.ActiveCfg = Release|Any CPU
		{A642E171-FE02-405A-ADC6-1CA85FB8C381}.Release|Any CPU.Build.0 = Release|Any CPU
		{3A81C6CE-D79D-4A0F-AF57-BFA0B30739EC}.Debug|Any CPU.ActiveCfg = Debug|Any CPU
		{3A81C6CE-D79D-4A0F-AF57-BFA0B30739EC}.Debug|Any CPU.Build.0 = Debug|Any CPU
		{3A81C6CE-D79D-4A0F-AF57-BFA0B30739EC}.Release|Any CPU.ActiveCfg = Release|Any CPU
		{3A81C6CE-D79D-4A0F-AF57-BFA0B30739EC}.Release|Any CPU.Build.0 = Release|Any CPU
		{F85B7657-3589-44E2-A685-24BB1E3C10AB}.Debug|Any CPU.ActiveCfg = Debug|Any CPU
		{F85B7657-3589-44E2-A685-24BB1E3C10AB}.Debug|Any CPU.Build.0 = Debug|Any CPU
		{F85B7657-3589-44E2-A685-24BB1E3C10AB}.Release|Any CPU.ActiveCfg = Release|Any CPU
		{F85B7657-3589-44E2-A685-24BB1E3C10AB}.Release|Any CPU.Build.0 = Release|Any CPU
		{4CC351A1-5AE3-475F-A07D-16B890F65E54}.Debug|Any CPU.ActiveCfg = Debug|Any CPU
		{4CC351A1-5AE3-475F-A07D-16B890F65E54}.Debug|Any CPU.Build.0 = Debug|Any CPU
		{4CC351A1-5AE3-475F-A07D-16B890F65E54}.Release|Any CPU.ActiveCfg = Release|Any CPU
		{4CC351A1-5AE3-475F-A07D-16B890F65E54}.Release|Any CPU.Build.0 = Release|Any CPU
		{A569B28F-F454-4FE6-BCF9-27E7B889AFAD}.Debug|Any CPU.ActiveCfg = Debug|Any CPU
		{A569B28F-F454-4FE6-BCF9-27E7B889AFAD}.Debug|Any CPU.Build.0 = Debug|Any CPU
		{A569B28F-F454-4FE6-BCF9-27E7B889AFAD}.Release|Any CPU.ActiveCfg = Release|Any CPU
		{A569B28F-F454-4FE6-BCF9-27E7B889AFAD}.Release|Any CPU.Build.0 = Release|Any CPU
		{B142CACA-002E-478B-933B-E9E9A8AAEAB1}.Debug|Any CPU.ActiveCfg = Debug|Any CPU
		{B142CACA-002E-478B-933B-E9E9A8AAEAB1}.Debug|Any CPU.Build.0 = Debug|Any CPU
		{B142CACA-002E-478B-933B-E9E9A8AAEAB1}.Release|Any CPU.ActiveCfg = Release|Any CPU
		{B142CACA-002E-478B-933B-E9E9A8AAEAB1}.Release|Any CPU.Build.0 = Release|Any CPU
		{065B7AAA-D9D9-4C62-9392-CE02A2DE6584}.Debug|Any CPU.ActiveCfg = Debug|Any CPU
		{065B7AAA-D9D9-4C62-9392-CE02A2DE6584}.Debug|Any CPU.Build.0 = Debug|Any CPU
		{065B7AAA-D9D9-4C62-9392-CE02A2DE6584}.Release|Any CPU.ActiveCfg = Release|Any CPU
		{065B7AAA-D9D9-4C62-9392-CE02A2DE6584}.Release|Any CPU.Build.0 = Release|Any CPU
		{D29F6544-26C0-49B4-9177-B1AA7EDB4A89}.Debug|Any CPU.ActiveCfg = Debug|Any CPU
		{D29F6544-26C0-49B4-9177-B1AA7EDB4A89}.Debug|Any CPU.Build.0 = Debug|Any CPU
		{D29F6544-26C0-49B4-9177-B1AA7EDB4A89}.Release|Any CPU.ActiveCfg = Release|Any CPU
		{D29F6544-26C0-49B4-9177-B1AA7EDB4A89}.Release|Any CPU.Build.0 = Release|Any CPU
	EndGlobalSection
	GlobalSection(SolutionProperties) = preSolution
		HideSolutionNode = FALSE
	EndGlobalSection
	GlobalSection(NestedProjects) = preSolution
		{A642E171-FE02-405A-ADC6-1CA85FB8C381} = {54EBC7BA-E717-4BC8-A910-A3D14EE52BFA}
		{3A81C6CE-D79D-4A0F-AF57-BFA0B30739EC} = {54EBC7BA-E717-4BC8-A910-A3D14EE52BFA}
		{26873B40-1AFC-4631-B789-C020CB41BD89} = {FED0C2BE-9ED4-4176-AA68-CC17FB242AA0}
		{F85B7657-3589-44E2-A685-24BB1E3C10AB} = {26873B40-1AFC-4631-B789-C020CB41BD89}
		{903EB898-F2D9-48AB-8238-79C08F94AB78} = {FED0C2BE-9ED4-4176-AA68-CC17FB242AA0}
		{4CC351A1-5AE3-475F-A07D-16B890F65E54} = {903EB898-F2D9-48AB-8238-79C08F94AB78}
		{8E5AC154-EF47-4B8B-8ADF-17A2BCCE2B94} = {FED0C2BE-9ED4-4176-AA68-CC17FB242AA0}
		{A569B28F-F454-4FE6-BCF9-27E7B889AFAD} = {8E5AC154-EF47-4B8B-8ADF-17A2BCCE2B94}
		{B142CACA-002E-478B-933B-E9E9A8AAEAB1} = {8E5AC154-EF47-4B8B-8ADF-17A2BCCE2B94}
		{065B7AAA-D9D9-4C62-9392-CE02A2DE6584} = {8E5AC154-EF47-4B8B-8ADF-17A2BCCE2B94}
		{D29F6544-26C0-49B4-9177-B1AA7EDB4A89} = {3BFAF09C-17B3-4ACF-B3BF-6E4FE5964C8D}
	EndGlobalSection
	GlobalSection(ExtensibilityGlobals) = postSolution
		SolutionGuid = {CA09C8AF-F06D-42CA-BD87-6B1274B153A5}
	EndGlobalSection
EndGlobal
